
Microsoft Visual Studio Solution File, Format Version 12.00
Project("{FAE04EC0-301F-11D3-BF4B-00C04F79EFBC}") = "OnlineShop.API", "OnlineShop.API\OnlineShop.API.csproj", "{84123C52-BEEA-40C9-A122-79B032C437E0}"
EndProject
Project("{FAE04EC0-301F-11D3-BF4B-00C04F79EFBC}") = "OnlineShop.WEB", "OnlineShop.WEB\OnlineShop.WEB.csproj", "{8DE77EF1-2A9D-4E72-8B5A-ACC48A622547}"
EndProject
Project("{FAE04EC0-301F-11D3-BF4B-00C04F79EFBC}") = "ShopOnline.Models", "ShopOnline.Models\ShopOnline.Models.csproj", "{9BE40540-7367-48FE-8EA6-409FBA82ADCC}"
EndProject
Global
	GlobalSection(SolutionConfigurationPlatforms) = preSolution
		Debug|Any CPU = Debug|Any CPU
		Release|Any CPU = Release|Any CPU
	EndGlobalSection
	GlobalSection(ProjectConfigurationPlatforms) = postSolution
		{84123C52-BEEA-40C9-A122-79B032C437E0}.Debug|Any CPU.ActiveCfg = Debug|Any CPU
		{84123C52-BEEA-40C9-A122-79B032C437E0}.Debug|Any CPU.Build.0 = Debug|Any CPU
		{84123C52-BEEA-40C9-A122-79B032C437E0}.Release|Any CPU.ActiveCfg = Release|Any CPU
		{84123C52-BEEA-40C9-A122-79B032C437E0}.Release|Any CPU.Build.0 = Release|Any CPU
		{8DE77EF1-2A9D-4E72-8B5A-ACC48A622547}.Debug|Any CPU.ActiveCfg = Debug|Any CPU
		{8DE77EF1-2A9D-4E72-8B5A-ACC48A622547}.Debug|Any CPU.Build.0 = Debug|Any CPU
		{8DE77EF1-2A9D-4E72-8B5A-ACC48A622547}.Release|Any CPU.ActiveCfg = Release|Any CPU
		{8DE77EF1-2A9D-4E72-8B5A-ACC48A622547}.Release|Any CPU.Build.0 = Release|Any CPU
		{9BE40540-7367-48FE-8EA6-409FBA82ADCC}.Debug|Any CPU.ActiveCfg = Debug|Any CPU
		{9BE40540-7367-48FE-8EA6-409FBA82ADCC}.Debug|Any CPU.Build.0 = Debug|Any CPU
		{9BE40540-7367-48FE-8EA6-409FBA82ADCC}.Release|Any CPU.ActiveCfg = Release|Any CPU
		{9BE40540-7367-48FE-8EA6-409FBA82ADCC}.Release|Any CPU.Build.0 = Release|Any CPU
	EndGlobalSection
EndGlobal
